
Microsoft Visual Studio Solution File, Format Version 12.00
# Visual Studio Version 17
VisualStudioVersion = 17.5.002.0
MinimumVisualStudioVersion = 10.0.40219.1
Project("{9A19103F-16F7-4668-BE54-9A1E7A4F7556}") = "finish_task_gb", "finish_task_gb.csproj", "{D5FBC512-D49E-457F-A3CD-EA4518710262}"
EndProject
Global
	GlobalSection(SolutionConfigurationPlatforms) = preSolution
		Debug|Any CPU = Debug|Any CPU
		Release|Any CPU = Release|Any CPU
	EndGlobalSection
	GlobalSection(ProjectConfigurationPlatforms) = postSolution
		{D5FBC512-D49E-457F-A3CD-EA4518710262}.Debug|Any CPU.ActiveCfg = Debug|Any CPU
		{D5FBC512-D49E-457F-A3CD-EA4518710262}.Debug|Any CPU.Build.0 = Debug|Any CPU
		{D5FBC512-D49E-457F-A3CD-EA4518710262}.Release|Any CPU.ActiveCfg = Release|Any CPU
		{D5FBC512-D49E-457F-A3CD-EA4518710262}.Release|Any CPU.Build.0 = Release|Any CPU
	EndGlobalSection
	GlobalSection(SolutionProperties) = preSolution
		HideSolutionNode = FALSE
	EndGlobalSection
	GlobalSection(ExtensibilityGlobals) = postSolution
		SolutionGuid = {8A153653-19EB-4202-9FA0-23D4F817B2D2}
	EndGlobalSection
EndGlobal
